PODS:
  - STRIAPManagerUtils (0.0.3)

DEPENDENCIES:
  - STRIAPManagerUtils (from `../`)

EXTERNAL SOURCES:
  STRIAPManagerUtils:
    :path: "../"

SPEC CHECKSUMS:
  STRIAPManagerUtils: 3b2ac9f363c0f11105ebd4ac75a8add836ac9d6d

PODFILE CHECKSUM: 9b9ae356a144843fcbcd6a97b3174df3fda621f8

COCOAPODS: 1.9.1
